
Microsoft Visual Studio Solution File, Format Version 11.00
# Visual Studio Version 17

Project("{8BC9CEB8-8B4A-11D0-8D11-00A0C91BC942}") = "simple-eq - Standalone Plugin", "simple-eq_StandalonePlugin.vcxproj", "{9D8E172C-4C68-E7DF-B66D-43063C6B2583}"
	ProjectSection(ProjectDependencies) = postProject
		{ED775655-96FF-6187-57F8-551C82358876} = {ED775655-96FF-6187-57F8-551C82358876}
	EndProjectSection
EndProject
Project("{8BC9CEB8-8B4A-11D0-8D11-00A0C91BC942}") = "simple-eq - VST3", "simple-eq_VST3.vcxproj", "{128D77F8-B003-C8E4-CDA7-475B2DB43F7C}"
	ProjectSection(ProjectDependencies) = postProject
		{ED775655-96FF-6187-57F8-551C82358876} = {ED775655-96FF-6187-57F8-551C82358876}
		{F7B40759-8E3F-A169-4D9A-00F38DB0606A} = {F7B40759-8E3F-A169-4D9A-00F38DB0606A}
	EndProjectSection
EndProject
Project("{8BC9CEB8-8B4A-11D0-8D11-00A0C91BC942}") = "simple-eq - Shared Code", "simple-eq_SharedCode.vcxproj", "{ED775655-96FF-6187-57F8-551C82358876}"
EndProject
Project("{8BC9CEB8-8B4A-11D0-8D11-00A0C91BC942}") = "simple-eq - VST3 Manifest Helper", "simple-eq_VST3ManifestHelper.vcxproj", "{F7B40759-8E3F-A169-4D9A-00F38DB0606A}"
EndProject
Global
	GlobalSection(SolutionConfigurationPlatforms) = preSolution
		Debug|x64 = Debug|x64
		Release|x64 = Release|x64
	EndGlobalSection
	GlobalSection(ProjectConfigurationPlatforms) = postSolution
		{128D77F8-B003-C8E4-CDA7-475B2DB43F7C}.Debug|x64.ActiveCfg = Debug|x64
		{128D77F8-B003-C8E4-CDA7-475B2DB43F7C}.Debug|x64.Build.0 = Debug|x64
		{128D77F8-B003-C8E4-CDA7-475B2DB43F7C}.Release|x64.ActiveCfg = Release|x64
		{128D77F8-B003-C8E4-CDA7-475B2DB43F7C}.Release|x64.Build.0 = Release|x64
		{9D8E172C-4C68-E7DF-B66D-43063C6B2583}.Debug|x64.ActiveCfg = Debug|x64
		{9D8E172C-4C68-E7DF-B66D-43063C6B2583}.Debug|x64.Build.0 = Debug|x64
		{9D8E172C-4C68-E7DF-B66D-43063C6B2583}.Release|x64.ActiveCfg = Release|x64
		{9D8E172C-4C68-E7DF-B66D-43063C6B2583}.Release|x64.Build.0 = Release|x64
		{ED775655-96FF-6187-57F8-551C82358876}.Debug|x64.ActiveCfg = Debug|x64
		{ED775655-96FF-6187-57F8-551C82358876}.Debug|x64.Build.0 = Debug|x64
		{ED775655-96FF-6187-57F8-551C82358876}.Release|x64.ActiveCfg = Release|x64
		{ED775655-96FF-6187-57F8-551C82358876}.Release|x64.Build.0 = Release|x64
		{F7B40759-8E3F-A169-4D9A-00F38DB0606A}.Debug|x64.ActiveCfg = Debug|x64
		{F7B40759-8E3F-A169-4D9A-00F38DB0606A}.Debug|x64.Build.0 = Debug|x64
		{F7B40759-8E3F-A169-4D9A-00F38DB0606A}.Release|x64.ActiveCfg = Release|x64
		{F7B40759-8E3F-A169-4D9A-00F38DB0606A}.Release|x64.Build.0 = Release|x64
	EndGlobalSection
	GlobalSection(SolutionProperties) = preSolution
		HideSolutionNode = FALSE
	EndGlobalSection
EndGlobal
